
Microsoft Visual Studio Solution File, Format Version 12.00
# Visual Studio Version 17
VisualStudioVersion = 17.1.32414.318
MinimumVisualStudioVersion = 10.0.40219.1
Project("{6EC3EE1D-3C4E-46DD-8F32-0CC8E7565705}") = "PureParse", "PureParse\PureParse.fsproj", "{2E168CEF-0C58-4F04-A820-016ECD1E762D}"
EndProject
Project("{6EC3EE1D-3C4E-46DD-8F32-0CC8E7565705}") = "PureParse.Test", "PureParse.Test\PureParse.Test.fsproj", "{EE306520-A2D4-4C99-BD28-DBBBF52189F3}"
EndProject
Project("{6EC3EE1D-3C4E-46DD-8F32-0CC8E7565705}") = "PureParse.Terminal", "PureParse.Terminal\PureParse.Terminal.fsproj", "{5830D821-6628-477B-AB31-CC1C60582723}"
EndProject
Project("{6EC3EE1D-3C4E-46DD-8F32-0CC8E7565705}") = "PureParse.Examples", "PureParse.Examples\PureParse.Examples.fsproj", "{ACBC998E-E612-4071-8AE4-C25E6E24E1A7}"
EndProject
Project("{F2A71F9B-5D33-465A-A702-920D77279786}") = "PureParse.Benchmarks", "PureParse.Benchmarks\PureParse.Benchmarks.fsproj", "{9742B5DF-6CF8-4644-8FF8-5E46E53A2EF9}"
EndProject
Global
	GlobalSection(SolutionConfigurationPlatforms) = preSolution
		Debug|Any CPU = Debug|Any CPU
		Release|Any CPU = Release|Any CPU
	EndGlobalSection
	GlobalSection(ProjectConfigurationPlatforms) = postSolution
		{2E168CEF-0C58-4F04-A820-016ECD1E762D}.Debug|Any CPU.ActiveCfg = Debug|Any CPU
		{2E168CEF-0C58-4F04-A820-016ECD1E762D}.Debug|Any CPU.Build.0 = Debug|Any CPU
		{2E168CEF-0C58-4F04-A820-016ECD1E762D}.Release|Any CPU.ActiveCfg = Release|Any CPU
		{2E168CEF-0C58-4F04-A820-016ECD1E762D}.Release|Any CPU.Build.0 = Release|Any CPU
		{EE306520-A2D4-4C99-BD28-DBBBF52189F3}.Debug|Any CPU.ActiveCfg = Debug|Any CPU
		{EE306520-A2D4-4C99-BD28-DBBBF52189F3}.Debug|Any CPU.Build.0 = Debug|Any CPU
		{EE306520-A2D4-4C99-BD28-DBBBF52189F3}.Release|Any CPU.ActiveCfg = Release|Any CPU
		{EE306520-A2D4-4C99-BD28-DBBBF52189F3}.Release|Any CPU.Build.0 = Release|Any CPU
		{5830D821-6628-477B-AB31-CC1C60582723}.Debug|Any CPU.ActiveCfg = Debug|Any CPU
		{5830D821-6628-477B-AB31-CC1C60582723}.Debug|Any CPU.Build.0 = Debug|Any CPU
		{5830D821-6628-477B-AB31-CC1C60582723}.Release|Any CPU.ActiveCfg = Release|Any CPU
		{5830D821-6628-477B-AB31-CC1C60582723}.Release|Any CPU.Build.0 = Release|Any CPU
		{ACBC998E-E612-4071-8AE4-C25E6E24E1A7}.Debug|Any CPU.ActiveCfg = Debug|Any CPU
		{ACBC998E-E612-4071-8AE4-C25E6E24E1A7}.Debug|Any CPU.Build.0 = Debug|Any CPU
		{ACBC998E-E612-4071-8AE4-C25E6E24E1A7}.Release|Any CPU.ActiveCfg = Release|Any CPU
		{ACBC998E-E612-4071-8AE4-C25E6E24E1A7}.Release|Any CPU.Build.0 = Release|Any CPU
		{9742B5DF-6CF8-4644-8FF8-5E46E53A2EF9}.Debug|Any CPU.ActiveCfg = Debug|Any CPU
		{9742B5DF-6CF8-4644-8FF8-5E46E53A2EF9}.Debug|Any CPU.Build.0 = Debug|Any CPU
		{9742B5DF-6CF8-4644-8FF8-5E46E53A2EF9}.Release|Any CPU.ActiveCfg = Release|Any CPU
		{9742B5DF-6CF8-4644-8FF8-5E46E53A2EF9}.Release|Any CPU.Build.0 = Release|Any CPU
	EndGlobalSection
	GlobalSection(SolutionProperties) = preSolution
		HideSolutionNode = FALSE
	EndGlobalSection
	GlobalSection(ExtensibilityGlobals) = postSolution
		SolutionGuid = {19EC066A-CD07-4577-8738-6EB442505759}
	EndGlobalSection
EndGlobal
